// !$*UTF8*$!
{
	archiveVersion = 1;
	classes = {
	};
	objectVersion = 50;
	objects = {

/* Begin PBXBuildFile section */
		84645E7025E7A23900EC4186 /* KVO:KVC in Resources */ = {isa = PBXBuildFile; fileRef = 84645E6F25E7A23900EC4186 /* KVO:KVC */; };
		84645E7525E7ACC100EC4186 /* setValueForKey.png in Resources */ = {isa = PBXBuildFile; fileRef = 84645E7425E7ACC100EC4186 /* setValueForKey.png */; };
		84645E7A25E7ACC600EC4186 /* valueForKey.png in Resources */ = {isa = PBXBuildFile; fileRef = 84645E7925E7ACC600EC4186 /* valueForKey.png */; };
		84645E8025E7B28400EC4186 /* Animal.m in Sources */ = {isa = PBXBuildFile; fileRef = 84645E7F25E7B28400EC4186 /* Animal.m */; };
		84645E8625E7B2A900EC4186 /* Animal+one.m in Sources */ = {isa = PBXBuildFile; fileRef = 84645E8525E7B2A900EC4186 /* Animal+one.m */; };
		84645E9225E7B38A00EC4186 /* Animal+two.m in Sources */ = {isa = PBXBuildFile; fileRef = 84645E9125E7B38A00EC4186 /* Animal+two.m */; };
		8468AB4525E4E72E002F8519 /* isa+superclass.png in Resources */ = {isa = PBXBuildFile; fileRef = 8468AB4425E4E72E002F8519 /* isa+superclass.png */; };
		84696A6025E8A135009945D2 /* Category in Resources */ = {isa = PBXBuildFile; fileRef = 84696A5F25E8A135009945D2 /* Category */; };
		84696A6A25E8DE15009945D2 /* Dog.m in Sources */ = {isa = PBXBuildFile; fileRef = 84696A6925E8DE15009945D2 /* Dog.m */; };
		84696A7025E8DF9A009945D2 /* Tool.m in Sources */ = {isa = PBXBuildFile; fileRef = 84696A6F25E8DF9A009945D2 /* Tool.m */; };
		84696A7825E8E032009945D2 /* load+initialize in Resources */ = {isa = PBXBuildFile; fileRef = 84696A7725E8E032009945D2 /* load+initialize */; };
		84696A8225E8EC32009945D2 /* 关联对象.jpeg in Resources */ = {isa = PBXBuildFile; fileRef = 84696A8125E8EC32009945D2 /* 关联对象.jpeg */; };
		84696A8825E8FC1A009945D2 /* 关联对象Key的常见写法.png in Resources */ = {isa = PBXBuildFile; fileRef = 84696A8725E8FC1A009945D2 /* 关联对象Key的常见写法.png */; };
		8471191625EDE3D900596E34 /* 内存管理 in Resources */ = {isa = PBXBuildFile; fileRef = 8471191525EDE3D900596E34 /* 内存管理 */; };
		8471191C25EDE68000596E34 /* Person.m in Sources */ = {isa = PBXBuildFile; fileRef = 8471191B25EDE68000596E34 /* Person.m */; };
		8471192225EDE69100596E34 /* Student.m in Sources */ = {isa = PBXBuildFile; fileRef = 8471192125EDE69100596E34 /* Student.m */; };
		8471192725EE29F300596E34 /* 栈空间局部变量地址由高到低.png in Resources */ = {isa = PBXBuildFile; fileRef = 8471192625EE29F300596E34 /* 栈空间局部变量地址由高到低.png */; };
		8471192C25EE34DD00596E34 /* runloop in Resources */ = {isa = PBXBuildFile; fileRef = 8471192B25EE34DD00596E34 /* runloop */; };
		84A41FFC25ECDD7A00962E4C /* runtime in Resources */ = {isa = PBXBuildFile; fileRef = 84A41FFB25ECDD7A00962E4C /* runtime */; };
		84A4200425ECF17100962E4C /* 消息发送.png in Resources */ = {isa = PBXBuildFile; fileRef = 84A4200325ECF17100962E4C /* 消息发送.png */; };
		84A4200925ECF19600962E4C /* 动态方法解析.png in Resources */ = {isa = PBXBuildFile; fileRef = 84A4200825ECF19600962E4C /* 动态方法解析.png */; };
		84A4200E25ECF1CF00962E4C /* 消息转发.png in Resources */ = {isa = PBXBuildFile; fileRef = 84A4200D25ECF1CF00962E4C /* 消息转发.png */; };
		84BE570025E65E6A00AD8CAA /* GJPerson.m in Sources */ = {isa = PBXBuildFile; fileRef = 84BE56FF25E65E6A00AD8CAA /* GJPerson.m */; };
		84D9BFB425E3547400CCA1A5 /* AppDelegate.m in Sources */ = {isa = PBXBuildFile; fileRef = 84D9BFB325E3547400CCA1A5 /* AppDelegate.m */; };
		84D9BFB725E3547400CCA1A5 /* SceneDelegate.m in Sources */ = {isa = PBXBuildFile; fileRef = 84D9BFB625E3547400CCA1A5 /* SceneDelegate.m */; };
		84D9BFBA25E3547400CCA1A5 /* ViewController.m in Sources */ = {isa = PBXBuildFile; fileRef = 84D9BFB925E3547400CCA1A5 /* ViewController.m */; };
		84D9BFBD25E3547400CCA1A5 /* Main.storyboard in Resources */ = {isa = PBXBuildFile; fileRef = 84D9BFBB25E3547400CCA1A5 /* Main.storyboard */; };
		84D9BFBF25E3547700CCA1A5 /* Assets.xcassets in Resources */ = {isa = PBXBuildFile; fileRef = 84D9BFBE25E3547700CCA1A5 /* Assets.xcassets */; };
		84D9BFC225E3547700CCA1A5 /* LaunchScreen.storyboard in Resources */ = {isa = PBXBuildFile; fileRef = 84D9BFC025E3547700CCA1A5 /* LaunchScreen.storyboard */; };
		84D9BFC525E3547700CCA1A5 /* main.m in Sources */ = {isa = PBXBuildFile; fileRef = 84D9BFC425E3547700CCA1A5 /* main.m */; };
		84D9BFCF25E3547700CCA1A5 /* TipsInterviewTests.m in Sources */ = {isa = PBXBuildFile; fileRef = 84D9BFCE25E3547700CCA1A5 /* TipsInterviewTests.m */; };
		84D9BFDA25E3547700CCA1A5 /* TipsInterviewUITests.m in Sources */ = {isa = PBXBuildFile; fileRef = 84D9BFD925E3547700CCA1A5 /* TipsInterviewUITests.m */; };
		84D9BFF625E359E900CCA1A5 /* OC语法 in Resources */ = {isa = PBXBuildFile; fileRef = 84D9BFF525E359E900CCA1A5 /* OC语法 */; };
/* End PBXBuildFile section */

/* Begin PBXContainerItemProxy section */
		84D9BFCB25E3547700CCA1A5 /* PBXContainerItemProxy */ = {
			isa = PBXContainerItemProxy;
			containerPortal = 84D9BFA725E3547400CCA1A5 /* Project object */;
			proxyType = 1;
			remoteGlobalIDString = 84D9BFAE25E3547400CCA1A5;
			remoteInfo = TipsInterview;
		};
		84D9BFD625E3547700CCA1A5 /* PBXContainerItemProxy */ = {
			isa = PBXContainerItemProxy;
			containerPortal = 84D9BFA725E3547400CCA1A5 /* Project object */;
			proxyType = 1;
			remoteGlobalIDString = 84D9BFAE25E3547400CCA1A5;
			remoteInfo = TipsInterview;
		};
/* End PBXContainerItemProxy section */

/* Begin PBXFileReference section */
		84645E5E25E796A000EC4186 /* NSKVONotifying_GJPerson.h */ = {isa = PBXFileReference; lastKnownFileType = sourcecode.c.h; path = NSKVONotifying_GJPerson.h; sourceTree = "<group>"; };
		84645E5F25E796A000EC4186 /* NSKVONotifying_GJPerson.m */ = {isa = PBXFileReference; lastKnownFileType = sourcecode.c.objc; path = NSKVONotifying_GJPerson.m; sourceTree = "<group>"; };
		84645E6F25E7A23900EC4186 /* KVO:KVC */ = {isa = PBXFileReference; lastKnownFileType = text; path = "KVO:KVC"; sourceTree = "<group>"; xcLanguageSpecificationIdentifier = xcode.lang.objc; };
		84645E7425E7ACC100EC4186 /* setValueForKey.png */ = {isa = PBXFileReference; lastKnownFileType = image.png; path = setValueForKey.png; sourceTree = "<group>"; };
		84645E7925E7ACC600EC4186 /* valueForKey.png */ = {isa = PBXFileReference; lastKnownFileType = image.png; path = valueForKey.png; sourceTree = "<group>"; };
		84645E7E25E7B28400EC4186 /* Animal.h */ = {isa = PBXFileReference; lastKnownFileType = sourcecode.c.h; path = Animal.h; sourceTree = "<group>"; };
		84645E7F25E7B28400EC4186 /* Animal.m */ = {isa = PBXFileReference; lastKnownFileType = sourcecode.c.objc; path = Animal.m; sourceTree = "<group>"; };
		84645E8425E7B2A900EC4186 /* Animal+one.h */ = {isa = PBXFileReference; lastKnownFileType = sourcecode.c.h; path = "Animal+one.h"; sourceTree = "<group>"; };
		84645E8525E7B2A900EC4186 /* Animal+one.m */ = {isa = PBXFileReference; lastKnownFileType = sourcecode.c.objc; path = "Animal+one.m"; sourceTree = "<group>"; };
		84645E9025E7B38A00EC4186 /* Animal+two.h */ = {isa = PBXFileReference; lastKnownFileType = sourcecode.c.h; path = "Animal+two.h"; sourceTree = "<group>"; };
		84645E9125E7B38A00EC4186 /* Animal+two.m */ = {isa = PBXFileReference; lastKnownFileType = sourcecode.c.objc; path = "Animal+two.m"; sourceTree = "<group>"; };
		8468AB4425E4E72E002F8519 /* isa+superclass.png */ = {isa = PBXFileReference; lastKnownFileType = image.png; path = "isa+superclass.png"; sourceTree = "<group>"; };
		84696A5F25E8A135009945D2 /* Category */ = {isa = PBXFileReference; fileEncoding = 4; lastKnownFileType = text; path = Category; sourceTree = "<group>"; xcLanguageSpecificationIdentifier = xcode.lang.objc; };
		84696A6825E8DE15009945D2 /* Dog.h */ = {isa = PBXFileReference; lastKnownFileType = sourcecode.c.h; path = Dog.h; sourceTree = "<group>"; };
		84696A6925E8DE15009945D2 /* Dog.m */ = {isa = PBXFileReference; lastKnownFileType = sourcecode.c.objc; path = Dog.m; sourceTree = "<group>"; };
		84696A6E25E8DF9A009945D2 /* Tool.h */ = {isa = PBXFileReference; lastKnownFileType = sourcecode.c.h; path = Tool.h; sourceTree = "<group>"; };
		84696A6F25E8DF9A009945D2 /* Tool.m */ = {isa = PBXFileReference; lastKnownFileType = sourcecode.c.objc; path = Tool.m; sourceTree = "<group>"; };
		84696A7725E8E032009945D2 /* load+initialize */ = {isa = PBXFileReference; fileEncoding = 4; lastKnownFileType = text; path = "load+initialize"; sourceTree = "<group>"; xcLanguageSpecificationIdentifier = xcode.lang.objcpp; };
		84696A8125E8EC32009945D2 /* 关联对象.jpeg */ = {isa = PBXFileReference; lastKnownFileType = image.jpeg; path = "关联对象.jpeg"; sourceTree = "<group>"; };
		84696A8725E8FC1A009945D2 /* 关联对象Key的常见写法.png */ = {isa = PBXFileReference; lastKnownFileType = image.png; path = "关联对象Key的常见写法.png"; sourceTree = "<group>"; };
		8471191525EDE3D900596E34 /* 内存管理 */ = {isa = PBXFileReference; fileEncoding = 4; lastKnownFileType = text; path = "内存管理"; sourceTree = "<group>"; xcLanguageSpecificationIdentifier = xcode.lang.objcpp; };
		8471191A25EDE68000596E34 /* Person.h */ = {isa = PBXFileReference; lastKnownFileType = sourcecode.c.h; path = Person.h; sourceTree = "<group>"; };
		8471191B25EDE68000596E34 /* Person.m */ = {isa = PBXFileReference; lastKnownFileType = sourcecode.c.objc; path = Person.m; sourceTree = "<group>"; };
		8471192025EDE69100596E34 /* Student.h */ = {isa = PBXFileReference; lastKnownFileType = sourcecode.c.h; path = Student.h; sourceTree = "<group>"; };
		8471192125EDE69100596E34 /* Student.m */ = {isa = PBXFileReference; lastKnownFileType = sourcecode.c.objc; path = Student.m; sourceTree = "<group>"; };
		8471192625EE29F300596E34 /* 栈空间局部变量地址由高到低.png */ = {isa = PBXFileReference; lastKnownFileType = image.png; path = "栈空间局部变量地址由高到低.png"; sourceTree = "<group>"; };
		8471192B25EE34DD00596E34 /* runloop */ = {isa = PBXFileReference; fileEncoding = 4; lastKnownFileType = text; path = runloop; sourceTree = "<group>"; xcLanguageSpecificationIdentifier = xcode.lang.objcpp; };
		84A41FFB25ECDD7A00962E4C /* runtime */ = {isa = PBXFileReference; fileEncoding = 4; lastKnownFileType = text; path = runtime; sourceTree = "<group>"; xcLanguageSpecificationIdentifier = xcode.lang.objcpp; };
		84A4200325ECF17100962E4C /* 消息发送.png */ = {isa = PBXFileReference; lastKnownFileType = image.png; path = "消息发送.png"; sourceTree = "<group>"; };
		84A4200825ECF19600962E4C /* 动态方法解析.png */ = {isa = PBXFileReference; lastKnownFileType = image.png; path = "动态方法解析.png"; sourceTree = "<group>"; };
		84A4200D25ECF1CF00962E4C /* 消息转发.png */ = {isa = PBXFileReference; lastKnownFileType = image.png; path = "消息转发.png"; sourceTree = "<group>"; };
		84BE56FE25E65E6A00AD8CAA /* GJPerson.h */ = {isa = PBXFileReference; lastKnownFileType = sourcecode.c.h; path = GJPerson.h; sourceTree = "<group>"; };
		84BE56FF25E65E6A00AD8CAA /* GJPerson.m */ = {isa = PBXFileReference; lastKnownFileType = sourcecode.c.objc; path = GJPerson.m; sourceTree = "<group>"; };
		84D9BFAF25E3547400CCA1A5 /* TipsInterview.app */ = {isa = PBXFileReference; explicitFileType = wrapper.application; includeInIndex = 0; path = TipsInterview.app; sourceTree = BUILT_PRODUCTS_DIR; };
		84D9BFB225E3547400CCA1A5 /* AppDelegate.h */ = {isa = PBXFileReference; lastKnownFileType = sourcecode.c.h; path = AppDelegate.h; sourceTree = "<group>"; };
		84D9BFB325E3547400CCA1A5 /* AppDelegate.m */ = {isa = PBXFileReference; lastKnownFileType = sourcecode.c.objc; path = AppDelegate.m; sourceTree = "<group>"; };
		84D9BFB525E3547400CCA1A5 /* SceneDelegate.h */ = {isa = PBXFileReference; lastKnownFileType = sourcecode.c.h; path = SceneDelegate.h; sourceTree = "<group>"; };
		84D9BFB625E3547400CCA1A5 /* SceneDelegate.m */ = {isa = PBXFileReference; lastKnownFileType = sourcecode.c.objc; path = SceneDelegate.m; sourceTree = "<group>"; };
		84D9BFB825E3547400CCA1A5 /* ViewController.h */ = {isa = PBXFileReference; lastKnownFileType = sourcecode.c.h; path = ViewController.h; sourceTree = "<group>"; };
		84D9BFB925E3547400CCA1A5 /* ViewController.m */ = {isa = PBXFileReference; lastKnownFileType = sourcecode.c.objc; path = ViewController.m; sourceTree = "<group>"; };
		84D9BFBC25E3547400CCA1A5 /* Base */ = {isa = PBXFileReference; lastKnownFileType = file.storyboard; name = Base; path = Base.lproj/Main.storyboard; sourceTree = "<group>"; };
		84D9BFBE25E3547700CCA1A5 /* Assets.xcassets */ = {isa = PBXFileReference; lastKnownFileType = folder.assetcatalog; path = Assets.xcassets; sourceTree = "<group>"; };
		84D9BFC125E3547700CCA1A5 /* Base */ = {isa = PBXFileReference; lastKnownFileType = file.storyboard; name = Base; path = Base.lproj/LaunchScreen.storyboard; sourceTree = "<group>"; };
		84D9BFC325E3547700CCA1A5 /* Info.plist */ = {isa = PBXFileReference; lastKnownFileType = text.plist.xml; path = Info.plist; sourceTree = "<group>"; };
		84D9BFC425E3547700CCA1A5 /* main.m */ = {isa = PBXFileReference; lastKnownFileType = sourcecode.c.objc; path = main.m; sourceTree = "<group>"; };
		84D9BFCA25E3547700CCA1A5 /* TipsInterviewTests.xctest */ = {isa = PBXFileReference; explicitFileType = wrapper.cfbundle; includeInIndex = 0; path = TipsInterviewTests.xctest; sourceTree = BUILT_PRODUCTS_DIR; };
		84D9BFCE25E3547700CCA1A5 /* TipsInterviewTests.m */ = {isa = PBXFileReference; lastKnownFileType = sourcecode.c.objc; path = TipsInterviewTests.m; sourceTree = "<group>"; };
		84D9BFD025E3547700CCA1A5 /* Info.plist */ = {isa = PBXFileReference; lastKnownFileType = text.plist.xml; path = Info.plist; sourceTree = "<group>"; };
		84D9BFD525E3547700CCA1A5 /* TipsInterviewUITests.xctest */ = {isa = PBXFileReference; explicitFileType = wrapper.cfbundle; includeInIndex = 0; path = TipsInterviewUITests.xctest; sourceTree = BUILT_PRODUCTS_DIR; };
		84D9BFD925E3547700CCA1A5 /* TipsInterviewUITests.m */ = {isa = PBXFileReference; lastKnownFileType = sourcecode.c.objc; path = TipsInterviewUITests.m; sourceTree = "<group>"; };
		84D9BFDB25E3547700CCA1A5 /* Info.plist */ = {isa = PBXFileReference; lastKnownFileType = text.plist.xml; path = Info.plist; sourceTree = "<group>"; };
		84D9BFF525E359E900CCA1A5 /* OC语法 */ = {isa = PBXFileReference; lastKnownFileType = text; path = "OC语法"; sourceTree = "<group>"; xcLanguageSpecificationIdentifier = xcode.lang.objc; };
/* End PBXFileReference section */

/* Begin PBXFrameworksBuildPhase section */
		84D9BFAC25E3547400CCA1A5 /* Frameworks */ = {
			isa = PBXFrameworksBuildPhase;
			buildActionMask = 2147483647;
			files = (
			);
			runOnlyForDeploymentPostprocessing = 0;
		};
		84D9BFC725E3547700CCA1A5 /* Frameworks */ = {
			isa = PBXFrameworksBuildPhase;
			buildActionMask = 2147483647;
			files = (
			);
			runOnlyForDeploymentPostprocessing = 0;
		};
		84D9BFD225E3547700CCA1A5 /* Frameworks */ = {
			isa = PBXFrameworksBuildPhase;
			buildActionMask = 2147483647;
			files = (
			);
			runOnlyForDeploymentPostprocessing = 0;
		};
/* End PBXFrameworksBuildPhase section */

/* Begin PBXGroup section */
		84D9BFA625E3547400CCA1A5 = {
			isa = PBXGroup;
			children = (
				84D9BFB125E3547400CCA1A5 /* TipsInterview */,
				84D9BFCD25E3547700CCA1A5 /* TipsInterviewTests */,
				84D9BFD825E3547700CCA1A5 /* TipsInterviewUITests */,
				84D9BFB025E3547400CCA1A5 /* Products */,
			);
			sourceTree = "<group>";
		};
		84D9BFB025E3547400CCA1A5 /* Products */ = {
			isa = PBXGroup;
			children = (
				84D9BFAF25E3547400CCA1A5 /* TipsInterview.app */,
				84D9BFCA25E3547700CCA1A5 /* TipsInterviewTests.xctest */,
				84D9BFD525E3547700CCA1A5 /* TipsInterviewUITests.xctest */,
			);
			name = Products;
			sourceTree = "<group>";
		};
		84D9BFB125E3547400CCA1A5 /* TipsInterview */ = {
			isa = PBXGroup;
			children = (
				84D9BFEA25E3549D00CCA1A5 /* Objective-C */,
				84D9BFB225E3547400CCA1A5 /* AppDelegate.h */,
				84D9BFB325E3547400CCA1A5 /* AppDelegate.m */,
				84D9BFB525E3547400CCA1A5 /* SceneDelegate.h */,
				84D9BFB625E3547400CCA1A5 /* SceneDelegate.m */,
				84D9BFB825E3547400CCA1A5 /* ViewController.h */,
				84D9BFB925E3547400CCA1A5 /* ViewController.m */,
				84D9BFBB25E3547400CCA1A5 /* Main.storyboard */,
				84D9BFBE25E3547700CCA1A5 /* Assets.xcassets */,
				84D9BFC025E3547700CCA1A5 /* LaunchScreen.storyboard */,
				84D9BFC325E3547700CCA1A5 /* Info.plist */,
				84D9BFC425E3547700CCA1A5 /* main.m */,
			);
			path = TipsInterview;
			sourceTree = "<group>";
		};
		84D9BFCD25E3547700CCA1A5 /* TipsInterviewTests */ = {
			isa = PBXGroup;
			children = (
				84D9BFCE25E3547700CCA1A5 /* TipsInterviewTests.m */,
				84D9BFD025E3547700CCA1A5 /* Info.plist */,
			);
			path = TipsInterviewTests;
			sourceTree = "<group>";
		};
		84D9BFD825E3547700CCA1A5 /* TipsInterviewUITests */ = {
			isa = PBXGroup;
			children = (
				84D9BFD925E3547700CCA1A5 /* TipsInterviewUITests.m */,
				84D9BFDB25E3547700CCA1A5 /* Info.plist */,
			);
			path = TipsInterviewUITests;
			sourceTree = "<group>";
		};
		84D9BFEA25E3549D00CCA1A5 /* Objective-C */ = {
			isa = PBXGroup;
			children = (
				8471192625EE29F300596E34 /* 栈空间局部变量地址由高到低.png */,
				84A4200D25ECF1CF00962E4C /* 消息转发.png */,
				84A4200825ECF19600962E4C /* 动态方法解析.png */,
				84A4200325ECF17100962E4C /* 消息发送.png */,
				8471192B25EE34DD00596E34 /* runloop */,
				84A41FFB25ECDD7A00962E4C /* runtime */,
				8471191525EDE3D900596E34 /* 内存管理 */,
				84696A8725E8FC1A009945D2 /* 关联对象Key的常见写法.png */,
				84696A8125E8EC32009945D2 /* 关联对象.jpeg */,
				84696A7725E8E032009945D2 /* load+initialize */,
				84696A5F25E8A135009945D2 /* Category */,
				84645E7925E7ACC600EC4186 /* valueForKey.png */,
				84645E7425E7ACC100EC4186 /* setValueForKey.png */,
				8468AB4425E4E72E002F8519 /* isa+superclass.png */,
				84D9BFF525E359E900CCA1A5 /* OC语法 */,
				84645E6F25E7A23900EC4186 /* KVO:KVC */,
				84BE56FE25E65E6A00AD8CAA /* GJPerson.h */,
				84BE56FF25E65E6A00AD8CAA /* GJPerson.m */,
				84645E5E25E796A000EC4186 /* NSKVONotifying_GJPerson.h */,
				84645E5F25E796A000EC4186 /* NSKVONotifying_GJPerson.m */,
				84645E7E25E7B28400EC4186 /* Animal.h */,
				84645E7F25E7B28400EC4186 /* Animal.m */,
				84645E8425E7B2A900EC4186 /* Animal+one.h */,
				84645E8525E7B2A900EC4186 /* Animal+one.m */,
				84645E9025E7B38A00EC4186 /* Animal+two.h */,
				84645E9125E7B38A00EC4186 /* Animal+two.m */,
				84696A6825E8DE15009945D2 /* Dog.h */,
				84696A6925E8DE15009945D2 /* Dog.m */,
				84696A6E25E8DF9A009945D2 /* Tool.h */,
				84696A6F25E8DF9A009945D2 /* Tool.m */,
				8471191A25EDE68000596E34 /* Person.h */,
				8471191B25EDE68000596E34 /* Person.m */,
				8471192025EDE69100596E34 /* Student.h */,
				8471192125EDE69100596E34 /* Student.m */,
			);
			path = "Objective-C";
			sourceTree = "<group>";
		};
/* End PBXGroup section */

/* Begin PBXNativeTarget section */
		84D9BFAE25E3547400CCA1A5 /* TipsInterview */ = {
			isa = PBXNativeTarget;
			buildConfigurationList = 84D9BFDE25E3547700CCA1A5 /* Build configuration list for PBXNativeTarget "TipsInterview" */;
			buildPhases = (
				84D9BFAB25E3547400CCA1A5 /* Sources */,
				84D9BFAC25E3547400CCA1A5 /* Frameworks */,
				84D9BFAD25E3547400CCA1A5 /* Resources */,
			);
			buildRules = (
			);
			dependencies = (
			);
			name = TipsInterview;
			productName = TipsInterview;
			productReference = 84D9BFAF25E3547400CCA1A5 /* TipsInterview.app */;
			productType = "com.apple.product-type.application";
		};
		84D9BFC925E3547700CCA1A5 /* TipsInterviewTests */ = {
			isa = PBXNativeTarget;
			buildConfigurationList = 84D9BFE125E3547700CCA1A5 /* Build configuration list for PBXNativeTarget "TipsInterviewTests" */;
			buildPhases = (
				84D9BFC625E3547700CCA1A5 /* Sources */,
				84D9BFC725E3547700CCA1A5 /* Frameworks */,
				84D9BFC825E3547700CCA1A5 /* Resources */,
			);
			buildRules = (
			);
			dependencies = (
				84D9BFCC25E3547700CCA1A5 /* PBXTargetDependency */,
			);
			name = TipsInterviewTests;
			productName = TipsInterviewTests;
			productReference = 84D9BFCA25E3547700CCA1A5 /* TipsInterviewTests.xctest */;
			productType = "com.apple.product-type.bundle.unit-test";
		};
		84D9BFD425E3547700CCA1A5 /* TipsInterviewUITests */ = {
			isa = PBXNativeTarget;
			buildConfigurationList = 84D9BFE425E3547700CCA1A5 /* Build configuration list for PBXNativeTarget "TipsInterviewUITests" */;
			buildPhases = (
				84D9BFD125E3547700CCA1A5 /* Sources */,
				84D9BFD225E3547700CCA1A5 /* Frameworks */,
				84D9BFD325E3547700CCA1A5 /* Resources */,
			);
			buildRules = (
			);
			dependencies = (
				84D9BFD725E3547700CCA1A5 /* PBXTargetDependency */,
			);
			name = TipsInterviewUITests;
			productName = TipsInterviewUITests;
			productReference = 84D9BFD525E3547700CCA1A5 /* TipsInterviewUITests.xctest */;
			productType = "com.apple.product-type.bundle.ui-testing";
		};
/* End PBXNativeTarget section */

/* Begin PBXProject section */
		84D9BFA725E3547400CCA1A5 /* Project object */ = {
			isa = PBXProject;
			attributes = {
				LastUpgradeCheck = 1220;
				TargetAttributes = {
					84D9BFAE25E3547400CCA1A5 = {
						CreatedOnToolsVersion = 12.2;
					};
					84D9BFC925E3547700CCA1A5 = {
						CreatedOnToolsVersion = 12.2;
						TestTargetID = 84D9BFAE25E3547400CCA1A5;
					};
					84D9BFD425E3547700CCA1A5 = {
						CreatedOnToolsVersion = 12.2;
						TestTargetID = 84D9BFAE25E3547400CCA1A5;
					};
				};
			};
			buildConfigurationList = 84D9BFAA25E3547400CCA1A5 /* Build configuration list for PBXProject "TipsInterview" */;
			compatibilityVersion = "Xcode 9.3";
			developmentRegion = en;
			hasScannedForEncodings = 0;
			knownRegions = (
				en,
				Base,
			);
			mainGroup = 84D9BFA625E3547400CCA1A5;
			productRefGroup = 84D9BFB025E3547400CCA1A5 /* Products */;
			projectDirPath = "";
			projectRoot = "";
			targets = (
				84D9BFAE25E3547400CCA1A5 /* TipsInterview */,
				84D9BFC925E3547700CCA1A5 /* TipsInterviewTests */,
				84D9BFD425E3547700CCA1A5 /* TipsInterviewUITests */,
			);
		};
/* End PBXProject section */

/* Begin PBXResourcesBuildPhase section */
		84D9BFAD25E3547400CCA1A5 /* Resources */ = {
			isa = PBXResourcesBuildPhase;
			buildActionMask = 2147483647;
			files = (
				8471191625EDE3D900596E34 /* 内存管理 in Resources */,
				8471192725EE29F300596E34 /* 栈空间局部变量地址由高到低.png in Resources */,
				84645E7525E7ACC100EC4186 /* setValueForKey.png in Resources */,
				8468AB4525E4E72E002F8519 /* isa+superclass.png in Resources */,
				8471192C25EE34DD00596E34 /* runloop in Resources */,
				84696A7825E8E032009945D2 /* load+initialize in Resources */,
				84A4200925ECF19600962E4C /* 动态方法解析.png in Resources */,
				84A41FFC25ECDD7A00962E4C /* runtime in Resources */,
				84D9BFF625E359E900CCA1A5 /* OC语法 in Resources */,
				84696A8825E8FC1A009945D2 /* 关联对象Key的常见写法.png in Resources */,
				84D9BFC225E3547700CCA1A5 /* LaunchScreen.storyboard in Resources */,
				84645E7025E7A23900EC4186 /* KVO:KVC in Resources */,
				84696A6025E8A135009945D2 /* Category in Resources */,
				84D9BFBF25E3547700CCA1A5 /* Assets.xcassets in Resources */,
				84A4200425ECF17100962E4C /* 消息发送.png in Resources */,
				84D9BFBD25E3547400CCA1A5 /* Main.storyboard in Resources */,
				84645E7A25E7ACC600EC4186 /* valueForKey.png in Resources */,
				84696A8225E8EC32009945D2 /* 关联对象.jpeg in Resources */,
				84A4200E25ECF1CF00962E4C /* 消息转发.png in Resources */,
			);
			runOnlyForDeploymentPostprocessing = 0;
		};
		84D9BFC825E3547700CCA1A5 /* Resources */ = {
			isa = PBXResourcesBuildPhase;
			buildActionMask = 2147483647;
			files = (
			);
			runOnlyForDeploymentPostprocessing = 0;
		};
		84D9BFD325E3547700CCA1A5 /* Resources */ = {
			isa = PBXResourcesBuildPhase;
			buildActionMask = 2147483647;
			files = (
			);
			runOnlyForDeploymentPostprocessing = 0;
		};
/* End PBXResourcesBuildPhase section */

/* Begin PBXSourcesBuildPhase section */
		84D9BFAB25E3547400CCA1A5 /* Sources */ = {
			isa = PBXSourcesBuildPhase;
			buildActionMask = 2147483647;
			files = (
				84696A7025E8DF9A009945D2 /* Tool.m in Sources */,
				84696A6A25E8DE15009945D2 /* Dog.m in Sources */,
				8471191C25EDE68000596E34 /* Person.m in Sources */,
				84D9BFBA25E3547400CCA1A5 /* ViewController.m in Sources */,
				84D9BFB425E3547400CCA1A5 /* AppDelegate.m in Sources */,
				84D9BFC525E3547700CCA1A5 /* main.m in Sources */,
				84645E8025E7B28400EC4186 /* Animal.m in Sources */,
				84645E9225E7B38A00EC4186 /* Animal+two.m in Sources */,
				84645E8625E7B2A900EC4186 /* Animal+one.m in Sources */,
				84D9BFB725E3547400CCA1A5 /* SceneDelegate.m in Sources */,
				84BE570025E65E6A00AD8CAA /* GJPerson.m in Sources */,
				8471192225EDE69100596E34 /* Student.m in Sources */,
			);
			runOnlyForDeploymentPostprocessing = 0;
		};
		84D9BFC625E3547700CCA1A5 /* Sources */ = {
			isa = PBXSourcesBuildPhase;
			buildActionMask = 2147483647;
			files = (
				84D9BFCF25E3547700CCA1A5 /* TipsInterviewTests.m in Sources */,
			);
			runOnlyForDeploymentPostprocessing = 0;
		};
		84D9BFD125E3547700CCA1A5 /* Sources */ = {
			isa = PBXSourcesBuildPhase;
			buildActionMask = 2147483647;
			files = (
				84D9BFDA25E3547700CCA1A5 /* TipsInterviewUITests.m in Sources */,
			);
			runOnlyForDeploymentPostprocessing = 0;
		};
/* End PBXSourcesBuildPhase section */

/* Begin PBXTargetDependency section */
		84D9BFCC25E3547700CCA1A5 /* PBXTargetDependency */ = {
			isa = PBXTargetDependency;
			target = 84D9BFAE25E3547400CCA1A5 /* TipsInterview */;
			targetProxy = 84D9BFCB25E3547700CCA1A5 /* PBXContainerItemProxy */;
		};
		84D9BFD725E3547700CCA1A5 /* PBXTargetDependency */ = {
			isa = PBXTargetDependency;
			target = 84D9BFAE25E3547400CCA1A5 /* TipsInterview */;
			targetProxy = 84D9BFD625E3547700CCA1A5 /* PBXContainerItemProxy */;
		};
/* End PBXTargetDependency section */

/* Begin PBXVariantGroup section */
		84D9BFBB25E3547400CCA1A5 /* Main.storyboard */ = {
			isa = PBXVariantGroup;
			children = (
				84D9BFBC25E3547400CCA1A5 /* Base */,
			);
			name = Main.storyboard;
			sourceTree = "<group>";
		};
		84D9BFC025E3547700CCA1A5 /* LaunchScreen.storyboard */ = {
			isa = PBXVariantGroup;
			children = (
				84D9BFC125E3547700CCA1A5 /* Base */,
			);
			name = LaunchScreen.storyboard;
			sourceTree = "<group>";
		};
/* End PBXVariantGroup section */

/* Begin XCBuildConfiguration section */
		84D9BFDC25E3547700CCA1A5 /* Debug */ = {
			isa = XCBuildConfiguration;
			buildSettings = {
				ALWAYS_SEARCH_USER_PATHS = NO;
				CLANG_ANALYZER_NONNULL = YES;
				CLANG_ANALYZER_NUMBER_OBJECT_CONVERSION = YES_AGGRESSIVE;
				CLANG_CXX_LANGUAGE_STANDARD = "gnu++14";
				CLANG_CXX_LIBRARY = "libc++";
				CLANG_ENABLE_MODULES = YES;
				CLANG_ENABLE_OBJC_ARC = YES;
				CLANG_ENABLE_OBJC_WEAK = YES;
				CLANG_WARN_BLOCK_CAPTURE_AUTORELEASING = YES;
				CLANG_WARN_BOOL_CONVERSION = YES;
				CLANG_WARN_COMMA = YES;
				CLANG_WARN_CONSTANT_CONVERSION = YES;
				CLANG_WARN_DEPRECATED_OBJC_IMPLEMENTATIONS = YES;
				CLANG_WARN_DIRECT_OBJC_ISA_USAGE = YES_ERROR;
				CLANG_WARN_DOCUMENTATION_COMMENTS = YES;
				CLANG_WARN_EMPTY_BODY = YES;
				CLANG_WARN_ENUM_CONVERSION = YES;
				CLANG_WARN_INFINITE_RECURSION = YES;
				CLANG_WARN_INT_CONVERSION = YES;
				CLANG_WARN_NON_LITERAL_NULL_CONVERSION = YES;
				CLANG_WARN_OBJC_IMPLICIT_RETAIN_SELF = YES;
				CLANG_WARN_OBJC_LITERAL_CONVERSION = YES;
				CLANG_WARN_OBJC_ROOT_CLASS = YES_ERROR;
				CLANG_WARN_QUOTED_INCLUDE_IN_FRAMEWORK_HEADER = YES;
				CLANG_WARN_RANGE_LOOP_ANALYSIS = YES;
				CLANG_WARN_STRICT_PROTOTYPES = YES;
				CLANG_WARN_SUSPICIOUS_MOVE = YES;
				CLANG_WARN_UNGUARDED_AVAILABILITY = YES_AGGRESSIVE;
				CLANG_WARN_UNREACHABLE_CODE = YES;
				CLANG_WARN__DUPLICATE_METHOD_MATCH = YES;
				COPY_PHASE_STRIP = NO;
				DEBUG_INFORMATION_FORMAT = dwarf;
				ENABLE_STRICT_OBJC_MSGSEND = YES;
				ENABLE_TESTABILITY = YES;
				GCC_C_LANGUAGE_STANDARD = gnu11;
				GCC_DYNAMIC_NO_PIC = NO;
				GCC_NO_COMMON_BLOCKS = YES;
				GCC_OPTIMIZATION_LEVEL = 0;
				GCC_PREPROCESSOR_DEFINITIONS = (
					"DEBUG=1",
					"$(inherited)",
				);
				GCC_WARN_64_TO_32_BIT_CONVERSION = YES;
				GCC_WARN_ABOUT_RETURN_TYPE = YES_ERROR;
				GCC_WARN_UNDECLARED_SELECTOR = YES;
				GCC_WARN_UNINITIALIZED_AUTOS = YES_AGGRESSIVE;
				GCC_WARN_UNUSED_FUNCTION = YES;
				GCC_WARN_UNUSED_VARIABLE = YES;
				IPHONEOS_DEPLOYMENT_TARGET = 13.0;
				MTL_ENABLE_DEBUG_INFO = INCLUDE_SOURCE;
				MTL_FAST_MATH = YES;
				ONLY_ACTIVE_ARCH = YES;
				SDKROOT = iphoneos;
			};
			name = Debug;
		};
		84D9BFDD25E3547700CCA1A5 /* Release */ = {
			isa = XCBuildConfiguration;
			buildSettings = {
				ALWAYS_SEARCH_USER_PATHS = NO;
				CLANG_ANALYZER_NONNULL = YES;
				CLANG_ANALYZER_NUMBER_OBJECT_CONVERSION = YES_AGGRESSIVE;
				CLANG_CXX_LANGUAGE_STANDARD = "gnu++14";
				CLANG_CXX_LIBRARY = "libc++";
				CLANG_ENABLE_MODULES = YES;
				CLANG_ENABLE_OBJC_ARC = YES;
				CLANG_ENABLE_OBJC_WEAK = YES;
				CLANG_WARN_BLOCK_CAPTURE_AUTORELEASING = YES;
				CLANG_WARN_BOOL_CONVERSION = YES;
				CLANG_WARN_COMMA = YES;
				CLANG_WARN_CONSTANT_CONVERSION = YES;
				CLANG_WARN_DEPRECATED_OBJC_IMPLEMENTATIONS = YES;
				CLANG_WARN_DIRECT_OBJC_ISA_USAGE = YES_ERROR;
				CLANG_WARN_DOCUMENTATION_COMMENTS = YES;
				CLANG_WARN_EMPTY_BODY = YES;
				CLANG_WARN_ENUM_CONVERSION = YES;
				CLANG_WARN_INFINITE_RECURSION = YES;
				CLANG_WARN_INT_CONVERSION = YES;
				CLANG_WARN_NON_LITERAL_NULL_CONVERSION = YES;
				CLANG_WARN_OBJC_IMPLICIT_RETAIN_SELF = YES;
				CLANG_WARN_OBJC_LITERAL_CONVERSION = YES;
				CLANG_WARN_OBJC_ROOT_CLASS = YES_ERROR;
				CLANG_WARN_QUOTED_INCLUDE_IN_FRAMEWORK_HEADER = YES;
				CLANG_WARN_RANGE_LOOP_ANALYSIS = YES;
				CLANG_WARN_STRICT_PROTOTYPES = YES;
				CLANG_WARN_SUSPICIOUS_MOVE = YES;
				CLANG_WARN_UNGUARDED_AVAILABILITY = YES_AGGRESSIVE;
				CLANG_WARN_UNREACHABLE_CODE = YES;
				CLANG_WARN__DUPLICATE_METHOD_MATCH = YES;
				COPY_PHASE_STRIP = NO;
				DEBUG_INFORMATION_FORMAT = "dwarf-with-dsym";
				ENABLE_NS_ASSERTIONS = NO;
				ENABLE_STRICT_OBJC_MSGSEND = YES;
				GCC_C_LANGUAGE_STANDARD = gnu11;
				GCC_NO_COMMON_BLOCKS = YES;
				GCC_WARN_64_TO_32_BIT_CONVERSION = YES;
				GCC_WARN_ABOUT_RETURN_TYPE = YES_ERROR;
				GCC_WARN_UNDECLARED_SELECTOR = YES;
				GCC_WARN_UNINITIALIZED_AUTOS = YES_AGGRESSIVE;
				GCC_WARN_UNUSED_FUNCTION = YES;
				GCC_WARN_UNUSED_VARIABLE = YES;
				IPHONEOS_DEPLOYMENT_TARGET = 13.0;
				MTL_ENABLE_DEBUG_INFO = NO;
				MTL_FAST_MATH = YES;
				SDKROOT = iphoneos;
				VALIDATE_PRODUCT = YES;
			};
			name = Release;
		};
		84D9BFDF25E3547700CCA1A5 /* Debug */ = {
			isa = XCBuildConfiguration;
			buildSettings = {
				ASSETCATALOG_COMPILER_APPICON_NAME = AppIcon;
				ASSETCATALOG_COMPILER_GLOBAL_ACCENT_COLOR_NAME = AccentColor;
				CODE_SIGN_STYLE = Automatic;
				DEVELOPMENT_TEAM = SY6Q9GBZHX;
				INFOPLIST_FILE = TipsInterview/Info.plist;
				LD_RUNPATH_SEARCH_PATHS = (
					"$(inherited)",
					"@executable_path/Frameworks",
				);
				PRODUCT_BUNDLE_IDENTIFIER = GJ.TipsInterview;
				PRODUCT_NAME = "$(TARGET_NAME)";
				TARGETED_DEVICE_FAMILY = "1,2";
			};
			name = Debug;
		};
		84D9BFE025E3547700CCA1A5 /* Release */ = {
			isa = XCBuildConfiguration;
			buildSettings = {
				ASSETCATALOG_COMPILER_APPICON_NAME = AppIcon;
				ASSETCATALOG_COMPILER_GLOBAL_ACCENT_COLOR_NAME = AccentColor;
				CODE_SIGN_STYLE = Automatic;
				DEVELOPMENT_TEAM = SY6Q9GBZHX;
				INFOPLIST_FILE = TipsInterview/Info.plist;
				LD_RUNPATH_SEARCH_PATHS = (
					"$(inherited)",
					"@executable_path/Frameworks",
				);
				PRODUCT_BUNDLE_IDENTIFIER = GJ.TipsInterview;
				PRODUCT_NAME = "$(TARGET_NAME)";
				TARGETED_DEVICE_FAMILY = "1,2";
			};
			name = Release;
		};
		84D9BFE225E3547700CCA1A5 /* Debug */ = {
			isa = XCBuildConfiguration;
			buildSettings = {
				BUNDLE_LOADER = "$(TEST_HOST)";
				CODE_SIGN_STYLE = Automatic;
				DEVELOPMENT_TEAM = SY6Q9GBZHX;
				INFOPLIST_FILE = TipsInterviewTests/Info.plist;
				IPHONEOS_DEPLOYMENT_TARGET = 14.2;
				LD_RUNPATH_SEARCH_PATHS = (
					"$(inherited)",
					"@executable_path/Frameworks",
					"@loader_path/Frameworks",
				);
				PRODUCT_BUNDLE_IDENTIFIER = GJ.TipsInterviewTests;
				PRODUCT_NAME = "$(TARGET_NAME)";
				TARGETED_DEVICE_FAMILY = "1,2";
				TEST_HOST = "$(BUILT_PRODUCTS_DIR)/TipsInterview.app/TipsInterview";
			};
			name = Debug;
		};
		84D9BFE325E3547700CCA1A5 /* Release */ = {
			isa = XCBuildConfiguration;
			buildSettings = {
				BUNDLE_LOADER = "$(TEST_HOST)";
				CODE_SIGN_STYLE = Automatic;
				DEVELOPMENT_TEAM = SY6Q9GBZHX;
				INFOPLIST_FILE = TipsInterviewTests/Info.plist;
				IPHONEOS_DEPLOYMENT_TARGET = 14.2;
				LD_RUNPATH_SEARCH_PATHS = (
					"$(inherited)",
					"@executable_path/Frameworks",
					"@loader_path/Frameworks",
				);
				PRODUCT_BUNDLE_IDENTIFIER = GJ.TipsInterviewTests;
				PRODUCT_NAME = "$(TARGET_NAME)";
				TARGETED_DEVICE_FAMILY = "1,2";
				TEST_HOST = "$(BUILT_PRODUCTS_DIR)/TipsInterview.app/TipsInterview";
			};
			name = Release;
		};
		84D9BFE525E3547700CCA1A5 /* Debug */ = {
			isa = XCBuildConfiguration;
			buildSettings = {
				CODE_SIGN_STYLE = Automatic;
				DEVELOPMENT_TEAM = SY6Q9GBZHX;
				INFOPLIST_FILE = TipsInterviewUITests/Info.plist;
				LD_RUNPATH_SEARCH_PATHS = (
					"$(inherited)",
					"@executable_path/Frameworks",
					"@loader_path/Frameworks",
				);
				PRODUCT_BUNDLE_IDENTIFIER = GJ.TipsInterviewUITests;
				PRODUCT_NAME = "$(TARGET_NAME)";
				TARGETED_DEVICE_FAMILY = "1,2";
				TEST_TARGET_NAME = TipsInterview;
			};
			name = Debug;
		};
		84D9BFE625E3547700CCA1A5 /* Release */ = {
			isa = XCBuildConfiguration;
			buildSettings = {
				CODE_SIGN_STYLE = Automatic;
				DEVELOPMENT_TEAM = SY6Q9GBZHX;
				INFOPLIST_FILE = TipsInterviewUITests/Info.plist;
				LD_RUNPATH_SEARCH_PATHS = (
					"$(inherited)",
					"@executable_path/Frameworks",
					"@loader_path/Frameworks",
				);
				PRODUCT_BUNDLE_IDENTIFIER = GJ.TipsInterviewUITests;
				PRODUCT_NAME = "$(TARGET_NAME)";
				TARGETED_DEVICE_FAMILY = "1,2";
				TEST_TARGET_NAME = TipsInterview;
			};
			name = Release;
		};
/* End XCBuildConfiguration section */

/* Begin XCConfigurationList section */
		84D9BFAA25E3547400CCA1A5 /* Build configuration list for PBXProject "TipsInterview" */ = {
			isa = XCConfigurationList;
			buildConfigurations = (
				84D9BFDC25E3547700CCA1A5 /* Debug */,
				84D9BFDD25E3547700CCA1A5 /* Release */,
			);
			defaultConfigurationIsVisible = 0;
			defaultConfigurationName = Release;
		};
		84D9BFDE25E3547700CCA1A5 /* Build configuration list for PBXNativeTarget "TipsInterview" */ = {
			isa = XCConfigurationList;
			buildConfigurations = (
				84D9BFDF25E3547700CCA1A5 /* Debug */,
				84D9BFE025E3547700CCA1A5 /* Release */,
			);
			defaultConfigurationIsVisible = 0;
			defaultConfigurationName = Release;
		};
		84D9BFE125E3547700CCA1A5 /* Build configuration list for PBXNativeTarget "TipsInterviewTests" */ = {
			isa = XCConfigurationList;
			buildConfigurations = (
				84D9BFE225E3547700CCA1A5 /* Debug */,
				84D9BFE325E3547700CCA1A5 /* Release */,
			);
			defaultConfigurationIsVisible = 0;
			defaultConfigurationName = Release;
		};
		84D9BFE425E3547700CCA1A5 /* Build configuration list for PBXNativeTarget "TipsInterviewUITests" */ = {
			isa = XCConfigurationList;
			buildConfigurations = (
				84D9BFE525E3547700CCA1A5 /* Debug */,
				84D9BFE625E3547700CCA1A5 /* Release */,
			);
			defaultConfigurationIsVisible = 0;
			defaultConfigurationName = Release;
		};
/* End XCConfigurationList section */
	};
	rootObject = 84D9BFA725E3547400CCA1A5 /* Project object */;
}
